
Microsoft Visual Studio Solution File, Format Version 12.00
# Visual Studio Version 16
VisualStudioVersion = 16.0.29905.134
MinimumVisualStudioVersion = 10.0.40219.1
Project("{FAE04EC0-301F-11D3-BF4B-00C04F79EFBC}") = "Payments", "Payments\Payments.csproj", "{22B1A0EA-2BE0-4B15-8AE3-6F14E4297188}"
EndProject
Project("{FAE04EC0-301F-11D3-BF4B-00C04F79EFBC}") = "seconds hours mins", "seconds hours mins\seconds hours mins.csproj", "{B597D8D5-67AE-4DC1-9FA3-65C1775E4800}"
EndProject
Project("{FAE04EC0-301F-11D3-BF4B-00C04F79EFBC}") = "change", "change\change.csproj", "{26D9E27A-CE4F-48E9-B528-AB7D081AE8A5}"
EndProject
Global
	GlobalSection(SolutionConfigurationPlatforms) = preSolution
		Debug|Any CPU = Debug|Any CPU
		Release|Any CPU = Release|Any CPU
	EndGlobalSection
	GlobalSection(ProjectConfigurationPlatforms) = postSolution
		{22B1A0EA-2BE0-4B15-8AE3-6F14E4297188}.Debug|Any CPU.ActiveCfg = Debug|Any CPU
		{22B1A0EA-2BE0-4B15-8AE3-6F14E4297188}.Debug|Any CPU.Build.0 = Debug|Any CPU
		{22B1A0EA-2BE0-4B15-8AE3-6F14E4297188}.Release|Any CPU.ActiveCfg = Release|Any CPU
		{22B1A0EA-2BE0-4B15-8AE3-6F14E4297188}.Release|Any CPU.Build.0 = Release|Any CPU
		{B597D8D5-67AE-4DC1-9FA3-65C1775E4800}.Debug|Any CPU.ActiveCfg = Debug|Any CPU
		{B597D8D5-67AE-4DC1-9FA3-65C1775E4800}.Debug|Any CPU.Build.0 = Debug|Any CPU
		{B597D8D5-67AE-4DC1-9FA3-65C1775E4800}.Release|Any CPU.ActiveCfg = Release|Any CPU
		{B597D8D5-67AE-4DC1-9FA3-65C1775E4800}.Release|Any CPU.Build.0 = Release|Any CPU
		{26D9E27A-CE4F-48E9-B528-AB7D081AE8A5}.Debug|Any CPU.ActiveCfg = Debug|Any CPU
		{26D9E27A-CE4F-48E9-B528-AB7D081AE8A5}.Debug|Any CPU.Build.0 = Debug|Any CPU
		{26D9E27A-CE4F-48E9-B528-AB7D081AE8A5}.Release|Any CPU.ActiveCfg = Release|Any CPU
		{26D9E27A-CE4F-48E9-B528-AB7D081AE8A5}.Release|Any CPU.Build.0 = Release|Any CPU
	EndGlobalSection
	GlobalSection(SolutionProperties) = preSolution
		HideSolutionNode = FALSE
	EndGlobalSection
	GlobalSection(ExtensibilityGlobals) = postSolution
		SolutionGuid = {884E595E-3241-496F-A72B-A1B4BDAC15FB}
	EndGlobalSection
EndGlobal
